
Microsoft Visual Studio Solution File, Format Version 12.00
# Visual Studio Version 16
VisualStudioVersion = 16.0.32228.343
MinimumVisualStudioVersion = 10.0.40219.1
Project("{FAE04EC0-301F-11D3-BF4B-00C04F79EFBC}") = "FontLoader", "TypographyApplication\FontLoader.csproj", "{FD3B7587-B7EC-4495-B80F-9AA41D5EAAE9}"
EndProject
Global
	GlobalSection(SolutionConfigurationPlatforms) = preSolution
		Debug|Any CPU = Debug|Any CPU
		Release|Any CPU = Release|Any CPU
	EndGlobalSection
	GlobalSection(ProjectConfigurationPlatforms) = postSolution
		{FD3B7587-B7EC-4495-B80F-9AA41D5EAAE9}.Debug|Any CPU.ActiveCfg = Debug|Any CPU
		{FD3B7587-B7EC-4495-B80F-9AA41D5EAAE9}.Debug|Any CPU.Build.0 = Debug|Any CPU
		{FD3B7587-B7EC-4495-B80F-9AA41D5EAAE9}.Release|Any CPU.ActiveCfg = Release|Any CPU
		{FD3B7587-B7EC-4495-B80F-9AA41D5EAAE9}.Release|Any CPU.Build.0 = Release|Any CPU
	EndGlobalSection
	GlobalSection(SolutionProperties) = preSolution
		HideSolutionNode = FALSE
	EndGlobalSection
	GlobalSection(ExtensibilityGlobals) = postSolution
		SolutionGuid = {89F396AA-667B-402C-A725-E5FB8C705F53}
	EndGlobalSection
EndGlobal
